
Microsoft Visual Studio Solution File, Format Version 12.00
# Visual Studio Version 16
VisualStudioVersion = 16.0.29709.97
MinimumVisualStudioVersion = 10.0.40219.1
Project("{FAE04EC0-301F-11D3-BF4B-00C04F79EFBC}") = "Practica_MVC_4", "Practica_MVC_4.csproj", "{A0D84A56-B071-453E-9C96-F2772FC7C12B}"
EndProject
Global
	GlobalSection(SolutionConfigurationPlatforms) = preSolution
		Debug|Any CPU = Debug|Any CPU
		Release|Any CPU = Release|Any CPU
	EndGlobalSection
	GlobalSection(ProjectConfigurationPlatforms) = postSolution
		{A0D84A56-B071-453E-9C96-F2772FC7C12B}.Debug|Any CPU.ActiveCfg = Debug|Any CPU
		{A0D84A56-B071-453E-9C96-F2772FC7C12B}.Debug|Any CPU.Build.0 = Debug|Any CPU
		{A0D84A56-B071-453E-9C96-F2772FC7C12B}.Release|Any CPU.ActiveCfg = Release|Any CPU
		{A0D84A56-B071-453E-9C96-F2772FC7C12B}.Release|Any CPU.Build.0 = Release|Any CPU
	EndGlobalSection
	GlobalSection(SolutionProperties) = preSolution
		HideSolutionNode = FALSE
	EndGlobalSection
	GlobalSection(ExtensibilityGlobals) = postSolution
		SolutionGuid = {92CF7C4B-ED58-4664-8517-56567913B6A2}
	EndGlobalSection
EndGlobal
